
Microsoft Visual Studio Solution File, Format Version 12.00
# Visual Studio Version 17
VisualStudioVersion = 17.8.34525.116
MinimumVisualStudioVersion = 10.0.40219.1
Project("{FAE04EC0-301F-11D3-BF4B-00C04F79EFBC}") = "ParsingSolution", "ParsingSolution\ParsingSolution.csproj", "{45E7A568-6E38-48BC-A84B-58DCA3517BFC}"
EndProject
Global
	GlobalSection(SolutionConfigurationPlatforms) = preSolution
		Debug|Any CPU = Debug|Any CPU
		Release|Any CPU = Release|Any CPU
	EndGlobalSection
	GlobalSection(ProjectConfigurationPlatforms) = postSolution
		{45E7A568-6E38-48BC-A84B-58DCA3517BFC}.Debug|Any CPU.ActiveCfg = Debug|Any CPU
		{45E7A568-6E38-48BC-A84B-58DCA3517BFC}.Debug|Any CPU.Build.0 = Debug|Any CPU
		{45E7A568-6E38-48BC-A84B-58DCA3517BFC}.Release|Any CPU.ActiveCfg = Release|Any CPU
		{45E7A568-6E38-48BC-A84B-58DCA3517BFC}.Release|Any CPU.Build.0 = Release|Any CPU
	EndGlobalSection
	GlobalSection(SolutionProperties) = preSolution
		HideSolutionNode = FALSE
	EndGlobalSection
	GlobalSection(ExtensibilityGlobals) = postSolution
		SolutionGuid = {54D8D50D-C904-4D4C-81FE-253E53460338}
	EndGlobalSection
EndGlobal
